// !$*UTF8*$!
{
	archiveVersion = 1;
	classes = {
	};
	objectVersion = 55;
	objects = {

/* Begin PBXBuildFile section */
		2179C51103D225F96CC2B65F /* Pods_crud_app_mvvm.framework in Frameworks */ = {isa = PBXBuildFile; fileRef = 8D06F5A0A3CDA00BC76533CA /* Pods_crud_app_mvvm.framework */; };
		4ED06537114C28E3B3D921D4 /* Pods_crud_app_mvvm_crud_app_mvvmUITests.framework in Frameworks */ = {isa = PBXBuildFile; fileRef = 3155E0F3F10AACFE05F6F263 /* Pods_crud_app_mvvm_crud_app_mvvmUITests.framework */; };
		9B3E616B28F0464E0057D893 /* AppDelegate.swift in Sources */ = {isa = PBXBuildFile; fileRef = 9B3E616A28F0464E0057D893 /* AppDelegate.swift */; };
		9B3E616F28F0464E0057D893 /* ViewController.swift in Sources */ = {isa = PBXBuildFile; fileRef = 9B3E616E28F0464E0057D893 /* ViewController.swift */; };
		9B3E617228F0464F0057D893 /* Main.storyboard in Resources */ = {isa = PBXBuildFile; fileRef = 9B3E617028F0464F0057D893 /* Main.storyboard */; };
		9B3E617428F046510057D893 /* Assets.xcassets in Resources */ = {isa = PBXBuildFile; fileRef = 9B3E617328F046510057D893 /* Assets.xcassets */; };
		9B3E617728F046510057D893 /* LaunchScreen.storyboard in Resources */ = {isa = PBXBuildFile; fileRef = 9B3E617528F046510057D893 /* LaunchScreen.storyboard */; };
		9B3E618228F046510057D893 /* crud_app_mvvmTests.swift in Sources */ = {isa = PBXBuildFile; fileRef = 9B3E618128F046510057D893 /* crud_app_mvvmTests.swift */; };
		9B3E618C28F046510057D893 /* crud_app_mvvmUITests.swift in Sources */ = {isa = PBXBuildFile; fileRef = 9B3E618B28F046510057D893 /* crud_app_mvvmUITests.swift */; };
		9B3E618E28F046510057D893 /* crud_app_mvvmUITestsLaunchTests.swift in Sources */ = {isa = PBXBuildFile; fileRef = 9B3E618D28F046510057D893 /* crud_app_mvvmUITestsLaunchTests.swift */; };
		9B3E619F28F046D50057D893 /* HomeView.swift in Sources */ = {isa = PBXBuildFile; fileRef = 9B3E619B28F046D50057D893 /* HomeView.swift */; };
		9B3E61A028F046D50057D893 /* HomeViewModel.swift in Sources */ = {isa = PBXBuildFile; fileRef = 9B3E619C28F046D50057D893 /* HomeViewModel.swift */; };
		9B3E61A128F046D50057D893 /* Account.swift in Sources */ = {isa = PBXBuildFile; fileRef = 9B3E619D28F046D50057D893 /* Account.swift */; };
		9B3E61A228F046D50057D893 /* HomeUI.swift in Sources */ = {isa = PBXBuildFile; fileRef = 9B3E619E28F046D50057D893 /* HomeUI.swift */; };
		9B96946328F07300006DC6C2 /* HomeStoryboard.storyboard in Resources */ = {isa = PBXBuildFile; fileRef = 9B96946228F07300006DC6C2 /* HomeStoryboard.storyboard */; };
		9B96946728F0743B006DC6C2 /* CustomAccountCell.swift in Sources */ = {isa = PBXBuildFile; fileRef = 9B96946628F0743B006DC6C2 /* CustomAccountCell.swift */; };
		9B96946928F0749A006DC6C2 /* CustomAccountCell.xib in Resources */ = {isa = PBXBuildFile; fileRef = 9B96946828F0749A006DC6C2 /* CustomAccountCell.xib */; };
		9BD7283128F82F96004A47AB /* NetworkManager.swift in Sources */ = {isa = PBXBuildFile; fileRef = 9BD7283028F82F96004A47AB /* NetworkManager.swift */; };
		F010507CA36D4B19D9F96185 /* Pods_crud_app_mvvmTests.framework in Frameworks */ = {isa = PBXBuildFile; fileRef = 059E8BFB8060C0AE8F023E53 /* Pods_crud_app_mvvmTests.framework */; };
/* End PBXBuildFile section */

/* Begin PBXContainerItemProxy section */
		9B3E617E28F046510057D893 /* PBXContainerItemProxy */ = {
			isa = PBXContainerItemProxy;
			containerPortal = 9B3E615F28F0464E0057D893 /* Project object */;
			proxyType = 1;
			remoteGlobalIDString = 9B3E616628F0464E0057D893;
			remoteInfo = "crud-app-mvvm";
		};
		9B3E618828F046510057D893 /* PBXContainerItemProxy */ = {
			isa = PBXContainerItemProxy;
			containerPortal = 9B3E615F28F0464E0057D893 /* Project object */;
			proxyType = 1;
			remoteGlobalIDString = 9B3E616628F0464E0057D893;
			remoteInfo = "crud-app-mvvm";
		};
/* End PBXContainerItemProxy section */

/* Begin PBXFileReference section */
		059E8BFB8060C0AE8F023E53 /* Pods_crud_app_mvvmTests.framework */ = {isa = PBXFileReference; explicitFileType = wrapper.framework; includeInIndex = 0; path = Pods_crud_app_mvvmTests.framework; sourceTree = BUILT_PRODUCTS_DIR; };
		3155E0F3F10AACFE05F6F263 /* Pods_crud_app_mvvm_crud_app_mvvmUITests.framework */ = {isa = PBXFileReference; explicitFileType = wrapper.framework; includeInIndex = 0; path = Pods_crud_app_mvvm_crud_app_mvvmUITests.framework; sourceTree = BUILT_PRODUCTS_DIR; };
		3D0722F59FC71F38545E9949 /* Pods-crud-app-mvvm.release.xcconfig */ = {isa = PBXFileReference; includeInIndex = 1; lastKnownFileType = text.xcconfig; name = "Pods-crud-app-mvvm.release.xcconfig"; path = "Target Support Files/Pods-crud-app-mvvm/Pods-crud-app-mvvm.release.xcconfig"; sourceTree = "<group>"; };
		5491919E1AA9271621648C17 /* Pods-crud-app-mvvm-crud-app-mvvmUITests.release.xcconfig */ = {isa = PBXFileReference; includeInIndex = 1; lastKnownFileType = text.xcconfig; name = "Pods-crud-app-mvvm-crud-app-mvvmUITests.release.xcconfig"; path = "Target Support Files/Pods-crud-app-mvvm-crud-app-mvvmUITests/Pods-crud-app-mvvm-crud-app-mvvmUITests.release.xcconfig"; sourceTree = "<group>"; };
		8D06F5A0A3CDA00BC76533CA /* Pods_crud_app_mvvm.framework */ = {isa = PBXFileReference; explicitFileType = wrapper.framework; includeInIndex = 0; path = Pods_crud_app_mvvm.framework; sourceTree = BUILT_PRODUCTS_DIR; };
		915510D95954F63ACBC3B244 /* Pods-crud-app-mvvmTests.debug.xcconfig */ = {isa = PBXFileReference; includeInIndex = 1; lastKnownFileType = text.xcconfig; name = "Pods-crud-app-mvvmTests.debug.xcconfig"; path = "Target Support Files/Pods-crud-app-mvvmTests/Pods-crud-app-mvvmTests.debug.xcconfig"; sourceTree = "<group>"; };
		9B3E616728F0464E0057D893 /* crud-app-mvvm.app */ = {isa = PBXFileReference; explicitFileType = wrapper.application; includeInIndex = 0; path = "crud-app-mvvm.app"; sourceTree = BUILT_PRODUCTS_DIR; };
		9B3E616A28F0464E0057D893 /* AppDelegate.swift */ = {isa = PBXFileReference; lastKnownFileType = sourcecode.swift; path = AppDelegate.swift; sourceTree = "<group>"; };
		9B3E616E28F0464E0057D893 /* ViewController.swift */ = {isa = PBXFileReference; lastKnownFileType = sourcecode.swift; path = ViewController.swift; sourceTree = "<group>"; };
		9B3E617128F0464F0057D893 /* Base */ = {isa = PBXFileReference; lastKnownFileType = file.storyboard; name = Base; path = Base.lproj/Main.storyboard; sourceTree = "<group>"; };
		9B3E617328F046510057D893 /* Assets.xcassets */ = {isa = PBXFileReference; lastKnownFileType = folder.assetcatalog; path = Assets.xcassets; sourceTree = "<group>"; };
		9B3E617628F046510057D893 /* Base */ = {isa = PBXFileReference; lastKnownFileType = file.storyboard; name = Base; path = Base.lproj/LaunchScreen.storyboard; sourceTree = "<group>"; };
		9B3E617828F046510057D893 /* Info.plist */ = {isa = PBXFileReference; lastKnownFileType = text.plist.xml; path = Info.plist; sourceTree = "<group>"; };
		9B3E617D28F046510057D893 /* crud-app-mvvmTests.xctest */ = {isa = PBXFileReference; explicitFileType = wrapper.cfbundle; includeInIndex = 0; path = "crud-app-mvvmTests.xctest"; sourceTree = BUILT_PRODUCTS_DIR; };
		9B3E618128F046510057D893 /* crud_app_mvvmTests.swift */ = {isa = PBXFileReference; lastKnownFileType = sourcecode.swift; path = crud_app_mvvmTests.swift; sourceTree = "<group>"; };
		9B3E618728F046510057D893 /* crud-app-mvvmUITests.xctest */ = {isa = PBXFileReference; explicitFileType = wrapper.cfbundle; includeInIndex = 0; path = "crud-app-mvvmUITests.xctest"; sourceTree = BUILT_PRODUCTS_DIR; };
		9B3E618B28F046510057D893 /* crud_app_mvvmUITests.swift */ = {isa = PBXFileReference; lastKnownFileType = sourcecode.swift; path = crud_app_mvvmUITests.swift; sourceTree = "<group>"; };
		9B3E618D28F046510057D893 /* crud_app_mvvmUITestsLaunchTests.swift */ = {isa = PBXFileReference; lastKnownFileType = sourcecode.swift; path = crud_app_mvvmUITestsLaunchTests.swift; sourceTree = "<group>"; };
		9B3E619B28F046D50057D893 /* HomeView.swift */ = {isa = PBXFileReference; lastKnownFileType = sourcecode.swift; path = HomeView.swift; sourceTree = "<group>"; };
		9B3E619C28F046D50057D893 /* HomeViewModel.swift */ = {isa = PBXFileReference; lastKnownFileType = sourcecode.swift; path = HomeViewModel.swift; sourceTree = "<group>"; };
		9B3E619D28F046D50057D893 /* Account.swift */ = {isa = PBXFileReference; lastKnownFileType = sourcecode.swift; path = Account.swift; sourceTree = "<group>"; };
		9B3E619E28F046D50057D893 /* HomeUI.swift */ = {isa = PBXFileReference; lastKnownFileType = sourcecode.swift; path = HomeUI.swift; sourceTree = "<group>"; };
		9B96946228F07300006DC6C2 /* HomeStoryboard.storyboard */ = {isa = PBXFileReference; lastKnownFileType = file.storyboard; path = HomeStoryboard.storyboard; sourceTree = "<group>"; };
		9B96946628F0743B006DC6C2 /* CustomAccountCell.swift */ = {isa = PBXFileReference; lastKnownFileType = sourcecode.swift; path = CustomAccountCell.swift; sourceTree = "<group>"; };
		9B96946828F0749A006DC6C2 /* CustomAccountCell.xib */ = {isa = PBXFileReference; lastKnownFileType = file.xib; path = CustomAccountCell.xib; sourceTree = "<group>"; };
		9BD7283028F82F96004A47AB /* NetworkManager.swift */ = {isa = PBXFileReference; lastKnownFileType = sourcecode.swift; path = NetworkManager.swift; sourceTree = "<group>"; };
		C6229B9FDE1B5CE19B443CB7 /* Pods-crud-app-mvvmTests.release.xcconfig */ = {isa = PBXFileReference; includeInIndex = 1; lastKnownFileType = text.xcconfig; name = "Pods-crud-app-mvvmTests.release.xcconfig"; path = "Target Support Files/Pods-crud-app-mvvmTests/Pods-crud-app-mvvmTests.release.xcconfig"; sourceTree = "<group>"; };
		F6C6202AE200E2DF3D4ABE11 /* Pods-crud-app-mvvm.debug.xcconfig */ = {isa = PBXFileReference; includeInIndex = 1; lastKnownFileType = text.xcconfig; name = "Pods-crud-app-mvvm.debug.xcconfig"; path = "Target Support Files/Pods-crud-app-mvvm/Pods-crud-app-mvvm.debug.xcconfig"; sourceTree = "<group>"; };
		FD36D962C0062EAD4956C5A4 /* Pods-crud-app-mvvm-crud-app-mvvmUITests.debug.xcconfig */ = {isa = PBXFileReference; includeInIndex = 1; lastKnownFileType = text.xcconfig; name = "Pods-crud-app-mvvm-crud-app-mvvmUITests.debug.xcconfig"; path = "Target Support Files/Pods-crud-app-mvvm-crud-app-mvvmUITests/Pods-crud-app-mvvm-crud-app-mvvmUITests.debug.xcconfig"; sourceTree = "<group>"; };
/* End PBXFileReference section */

/* Begin PBXFrameworksBuildPhase section */
		9B3E616428F0464E0057D893 /* Frameworks */ = {
			isa = PBXFrameworksBuildPhase;
			buildActionMask = 2147483647;
			files = (
				2179C51103D225F96CC2B65F /* Pods_crud_app_mvvm.framework in Frameworks */,
			);
			runOnlyForDeploymentPostprocessing = 0;
		};
		9B3E617A28F046510057D893 /* Frameworks */ = {
			isa = PBXFrameworksBuildPhase;
			buildActionMask = 2147483647;
			files = (
				F010507CA36D4B19D9F96185 /* Pods_crud_app_mvvmTests.framework in Frameworks */,
			);
			runOnlyForDeploymentPostprocessing = 0;
		};
		9B3E618428F046510057D893 /* Frameworks */ = {
			isa = PBXFrameworksBuildPhase;
			buildActionMask = 2147483647;
			files = (
				4ED06537114C28E3B3D921D4 /* Pods_crud_app_mvvm_crud_app_mvvmUITests.framework in Frameworks */,
			);
			runOnlyForDeploymentPostprocessing = 0;
		};
/* End PBXFrameworksBuildPhase section */

/* Begin PBXGroup section */
		0EE7C499E6CA7943261EFF13 /* Frameworks */ = {
			isa = PBXGroup;
			children = (
				8D06F5A0A3CDA00BC76533CA /* Pods_crud_app_mvvm.framework */,
				3155E0F3F10AACFE05F6F263 /* Pods_crud_app_mvvm_crud_app_mvvmUITests.framework */,
				059E8BFB8060C0AE8F023E53 /* Pods_crud_app_mvvmTests.framework */,
			);
			name = Frameworks;
			sourceTree = "<group>";
		};
		9B3E615E28F0464E0057D893 = {
			isa = PBXGroup;
			children = (
				9B3E616928F0464E0057D893 /* crud-app-mvvm */,
				9B3E618028F046510057D893 /* crud-app-mvvmTests */,
				9B3E618A28F046510057D893 /* crud-app-mvvmUITests */,
				9B3E616828F0464E0057D893 /* Products */,
				D869867FBA624094FA790E4B /* Pods */,
				0EE7C499E6CA7943261EFF13 /* Frameworks */,
			);
			sourceTree = "<group>";
		};
		9B3E616828F0464E0057D893 /* Products */ = {
			isa = PBXGroup;
			children = (
				9B3E616728F0464E0057D893 /* crud-app-mvvm.app */,
				9B3E617D28F046510057D893 /* crud-app-mvvmTests.xctest */,
				9B3E618728F046510057D893 /* crud-app-mvvmUITests.xctest */,
			);
			name = Products;
			sourceTree = "<group>";
		};
		9B3E616928F0464E0057D893 /* crud-app-mvvm */ = {
			isa = PBXGroup;
			children = (
				9BD7282E28F82540004A47AB /* Data */,
				9B96946428F0741B006DC6C2 /* Core */,
				9B3E619A28F046B80057D893 /* Scenes */,
				9B3E616A28F0464E0057D893 /* AppDelegate.swift */,
				9B3E616E28F0464E0057D893 /* ViewController.swift */,
				9B3E617028F0464F0057D893 /* Main.storyboard */,
				9B3E617328F046510057D893 /* Assets.xcassets */,
				9B3E617528F046510057D893 /* LaunchScreen.storyboard */,
				9B3E617828F046510057D893 /* Info.plist */,
			);
			path = "crud-app-mvvm";
			sourceTree = "<group>";
		};
		9B3E618028F046510057D893 /* crud-app-mvvmTests */ = {
			isa = PBXGroup;
			children = (
				9B3E618128F046510057D893 /* crud_app_mvvmTests.swift */,
			);
			path = "crud-app-mvvmTests";
			sourceTree = "<group>";
		};
		9B3E618A28F046510057D893 /* crud-app-mvvmUITests */ = {
			isa = PBXGroup;
			children = (
				9B3E618B28F046510057D893 /* crud_app_mvvmUITests.swift */,
				9B3E618D28F046510057D893 /* crud_app_mvvmUITestsLaunchTests.swift */,
			);
			path = "crud-app-mvvmUITests";
			sourceTree = "<group>";
		};
		9B3E619A28F046B80057D893 /* Scenes */ = {
			isa = PBXGroup;
			children = (
				9B3E61A328F046DF0057D893 /* Home */,
			);
			path = Scenes;
			sourceTree = "<group>";
		};
		9B3E61A328F046DF0057D893 /* Home */ = {
			isa = PBXGroup;
			children = (
				9B3E619B28F046D50057D893 /* HomeView.swift */,
				9B3E619C28F046D50057D893 /* HomeViewModel.swift */,
				9B3E619D28F046D50057D893 /* Account.swift */,
				9B3E619E28F046D50057D893 /* HomeUI.swift */,
				9B96946228F07300006DC6C2 /* HomeStoryboard.storyboard */,
			);
			path = Home;
			sourceTree = "<group>";
		};
		9B96946428F0741B006DC6C2 /* Core */ = {
			isa = PBXGroup;
			children = (
				9B96946528F07429006DC6C2 /* Components */,
			);
			path = Core;
			sourceTree = "<group>";
		};
		9B96946528F07429006DC6C2 /* Components */ = {
			isa = PBXGroup;
			children = (
				9B96946628F0743B006DC6C2 /* CustomAccountCell.swift */,
				9B96946828F0749A006DC6C2 /* CustomAccountCell.xib */,
			);
			path = Components;
			sourceTree = "<group>";
		};
		9BD7282E28F82540004A47AB /* Data */ = {
			isa = PBXGroup;
			children = (
				9BD7282F28F82549004A47AB /* Network */,
			);
			path = Data;
			sourceTree = "<group>";
		};
		9BD7282F28F82549004A47AB /* Network */ = {
			isa = PBXGroup;
			children = (
				9BD7283028F82F96004A47AB /* NetworkManager.swift */,
			);
			path = Network;
			sourceTree = "<group>";
		};
		D869867FBA624094FA790E4B /* Pods */ = {
			isa = PBXGroup;
			children = (
				F6C6202AE200E2DF3D4ABE11 /* Pods-crud-app-mvvm.debug.xcconfig */,
				3D0722F59FC71F38545E9949 /* Pods-crud-app-mvvm.release.xcconfig */,
				FD36D962C0062EAD4956C5A4 /* Pods-crud-app-mvvm-crud-app-mvvmUITests.debug.xcconfig */,
				5491919E1AA9271621648C17 /* Pods-crud-app-mvvm-crud-app-mvvmUITests.release.xcconfig */,
				915510D95954F63ACBC3B244 /* Pods-crud-app-mvvmTests.debug.xcconfig */,
				C6229B9FDE1B5CE19B443CB7 /* Pods-crud-app-mvvmTests.release.xcconfig */,
			);
			path = Pods;
			sourceTree = "<group>";
		};
/* End PBXGroup section */

/* Begin PBXNativeTarget section */
		9B3E616628F0464E0057D893 /* crud-app-mvvm */ = {
			isa = PBXNativeTarget;
			buildConfigurationList = 9B3E619128F046510057D893 /* Build configuration list for PBXNativeTarget "crud-app-mvvm" */;
			buildPhases = (
				B1C3244FF3423FE24494BF14 /* [CP] Check Pods Manifest.lock */,
				9B3E616328F0464E0057D893 /* Sources */,
				9B3E616428F0464E0057D893 /* Frameworks */,
				9B3E616528F0464E0057D893 /* Resources */,
				AA4585C750A10ED6E2499513 /* [CP] Embed Pods Frameworks */,
			);
			buildRules = (
			);
			dependencies = (
			);
			name = "crud-app-mvvm";
			productName = "crud-app-mvvm";
			productReference = 9B3E616728F0464E0057D893 /* crud-app-mvvm.app */;
			productType = "com.apple.product-type.application";
		};
		9B3E617C28F046510057D893 /* crud-app-mvvmTests */ = {
			isa = PBXNativeTarget;
			buildConfigurationList = 9B3E619428F046510057D893 /* Build configuration list for PBXNativeTarget "crud-app-mvvmTests" */;
			buildPhases = (
				FE3347F97477548483EB9165 /* [CP] Check Pods Manifest.lock */,
				9B3E617928F046510057D893 /* Sources */,
				9B3E617A28F046510057D893 /* Frameworks */,
				9B3E617B28F046510057D893 /* Resources */,
			);
			buildRules = (
			);
			dependencies = (
				9B3E617F28F046510057D893 /* PBXTargetDependency */,
			);
			name = "crud-app-mvvmTests";
			productName = "crud-app-mvvmTests";
			productReference = 9B3E617D28F046510057D893 /* crud-app-mvvmTests.xctest */;
			productType = "com.apple.product-type.bundle.unit-test";
		};
		9B3E618628F046510057D893 /* crud-app-mvvmUITests */ = {
			isa = PBXNativeTarget;
			buildConfigurationList = 9B3E619728F046510057D893 /* Build configuration list for PBXNativeTarget "crud-app-mvvmUITests" */;
			buildPhases = (
				E7D81E24979D36B70B11DBA8 /* [CP] Check Pods Manifest.lock */,
				9B3E618328F046510057D893 /* Sources */,
				9B3E618428F046510057D893 /* Frameworks */,
				9B3E618528F046510057D893 /* Resources */,
				C21ABE1D0D01BEA738E71B16 /* [CP] Embed Pods Frameworks */,
			);
			buildRules = (
			);
			dependencies = (
				9B3E618928F046510057D893 /* PBXTargetDependency */,
			);
			name = "crud-app-mvvmUITests";
			productName = "crud-app-mvvmUITests";
			productReference = 9B3E618728F046510057D893 /* crud-app-mvvmUITests.xctest */;
			productType = "com.apple.product-type.bundle.ui-testing";
		};
/* End PBXNativeTarget section */

/* Begin PBXProject section */
		9B3E615F28F0464E0057D893 /* Project object */ = {
			isa = PBXProject;
			attributes = {
				BuildIndependentTargetsInParallel = 1;
				LastSwiftUpdateCheck = 1340;
				LastUpgradeCheck = 1340;
				TargetAttributes = {
					9B3E616628F0464E0057D893 = {
						CreatedOnToolsVersion = 13.4.1;
					};
					9B3E617C28F046510057D893 = {
						CreatedOnToolsVersion = 13.4.1;
						TestTargetID = 9B3E616628F0464E0057D893;
					};
					9B3E618628F046510057D893 = {
						CreatedOnToolsVersion = 13.4.1;
						TestTargetID = 9B3E616628F0464E0057D893;
					};
				};
			};
			buildConfigurationList = 9B3E616228F0464E0057D893 /* Build configuration list for PBXProject "crud-app-mvvm" */;
			compatibilityVersion = "Xcode 13.0";
			developmentRegion = en;
			hasScannedForEncodings = 0;
			knownRegions = (
				en,
				Base,
			);
			mainGroup = 9B3E615E28F0464E0057D893;
			productRefGroup = 9B3E616828F0464E0057D893 /* Products */;
			projectDirPath = "";
			projectRoot = "";
			targets = (
				9B3E616628F0464E0057D893 /* crud-app-mvvm */,
				9B3E617C28F046510057D893 /* crud-app-mvvmTests */,
				9B3E618628F046510057D893 /* crud-app-mvvmUITests */,
			);
		};
/* End PBXProject section */

/* Begin PBXResourcesBuildPhase section */
		9B3E616528F0464E0057D893 /* Resources */ = {
			isa = PBXResourcesBuildPhase;
			buildActionMask = 2147483647;
			files = (
				9B96946928F0749A006DC6C2 /* CustomAccountCell.xib in Resources */,
				9B3E617728F046510057D893 /* LaunchScreen.storyboard in Resources */,
				9B3E617428F046510057D893 /* Assets.xcassets in Resources */,
				9B96946328F07300006DC6C2 /* HomeStoryboard.storyboard in Resources */,
				9B3E617228F0464F0057D893 /* Main.storyboard in Resources */,
			);
			runOnlyForDeploymentPostprocessing = 0;
		};
		9B3E617B28F046510057D893 /* Resources */ = {
			isa = PBXResourcesBuildPhase;
			buildActionMask = 2147483647;
			files = (
			);
			runOnlyForDeploymentPostprocessing = 0;
		};
		9B3E618528F046510057D893 /* Resources */ = {
			isa = PBXResourcesBuildPhase;
			buildActionMask = 2147483647;
			files = (
			);
			runOnlyForDeploymentPostprocessing = 0;
		};
/* End PBXResourcesBuildPhase section */

/* Begin PBXShellScriptBuildPhase section */
		AA4585C750A10ED6E2499513 /* [CP] Embed Pods Frameworks */ = {
			isa = PBXShellScriptBuildPhase;
			buildActionMask = 2147483647;
			files = (
			);
			inputFileListPaths = (
				"${PODS_ROOT}/Target Support Files/Pods-crud-app-mvvm/Pods-crud-app-mvvm-frameworks-${CONFIGURATION}-input-files.xcfilelist",
			);
			name = "[CP] Embed Pods Frameworks";
			outputFileListPaths = (
				"${PODS_ROOT}/Target Support Files/Pods-crud-app-mvvm/Pods-crud-app-mvvm-frameworks-${CONFIGURATION}-output-files.xcfilelist",
			);
			runOnlyForDeploymentPostprocessing = 0;
			shellPath = /bin/sh;
			shellScript = "\"${PODS_ROOT}/Target Support Files/Pods-crud-app-mvvm/Pods-crud-app-mvvm-frameworks.sh\"\n";
			showEnvVarsInLog = 0;
		};
		B1C3244FF3423FE24494BF14 /* [CP] Check Pods Manifest.lock */ = {
			isa = PBXShellScriptBuildPhase;
			buildActionMask = 2147483647;
			files = (
			);
			inputFileListPaths = (
			);
			inputPaths = (
				"${PODS_PODFILE_DIR_PATH}/Podfile.lock",
				"${PODS_ROOT}/Manifest.lock",
			);
			name = "[CP] Check Pods Manifest.lock";
			outputFileListPaths = (
			);
			outputPaths = (
				"$(DERIVED_FILE_DIR)/Pods-crud-app-mvvm-checkManifestLockResult.txt",
			);
			runOnlyForDeploymentPostprocessing = 0;
			shellPath = /bin/sh;
			shellScript = "diff \"${PODS_PODFILE_DIR_PATH}/Podfile.lock\" \"${PODS_ROOT}/Manifest.lock\" > /dev/null\nif [ $? != 0 ] ; then\n    # print error to STDERR\n    echo \"error: The sandbox is not in sync with the Podfile.lock. Run 'pod install' or update your CocoaPods installation.\" >&2\n    exit 1\nfi\n# This output is used by Xcode 'outputs' to avoid re-running this script phase.\necho \"SUCCESS\" > \"${SCRIPT_OUTPUT_FILE_0}\"\n";
			showEnvVarsInLog = 0;
		};
		C21ABE1D0D01BEA738E71B16 /* [CP] Embed Pods Frameworks */ = {
			isa = PBXShellScriptBuildPhase;
			buildActionMask = 2147483647;
			files = (
			);
			inputFileListPaths = (
				"${PODS_ROOT}/Target Support Files/Pods-crud-app-mvvm-crud-app-mvvmUITests/Pods-crud-app-mvvm-crud-app-mvvmUITests-frameworks-${CONFIGURATION}-input-files.xcfilelist",
			);
			name = "[CP] Embed Pods Frameworks";
			outputFileListPaths = (
				"${PODS_ROOT}/Target Support Files/Pods-crud-app-mvvm-crud-app-mvvmUITests/Pods-crud-app-mvvm-crud-app-mvvmUITests-frameworks-${CONFIGURATION}-output-files.xcfilelist",
			);
			runOnlyForDeploymentPostprocessing = 0;
			shellPath = /bin/sh;
			shellScript = "\"${PODS_ROOT}/Target Support Files/Pods-crud-app-mvvm-crud-app-mvvmUITests/Pods-crud-app-mvvm-crud-app-mvvmUITests-frameworks.sh\"\n";
			showEnvVarsInLog = 0;
		};
		E7D81E24979D36B70B11DBA8 /* [CP] Check Pods Manifest.lock */ = {
			isa = PBXShellScriptBuildPhase;
			buildActionMask = 2147483647;
			files = (
			);
			inputFileListPaths = (
			);
			inputPaths = (
				"${PODS_PODFILE_DIR_PATH}/Podfile.lock",
				"${PODS_ROOT}/Manifest.lock",
			);
			name = "[CP] Check Pods Manifest.lock";
			outputFileListPaths = (
			);
			outputPaths = (
				"$(DERIVED_FILE_DIR)/Pods-crud-app-mvvm-crud-app-mvvmUITests-checkManifestLockResult.txt",
			);
			runOnlyForDeploymentPostprocessing = 0;
			shellPath = /bin/sh;
			shellScript = "diff \"${PODS_PODFILE_DIR_PATH}/Podfile.lock\" \"${PODS_ROOT}/Manifest.lock\" > /dev/null\nif [ $? != 0 ] ; then\n    # print error to STDERR\n    echo \"error: The sandbox is not in sync with the Podfile.lock. Run 'pod install' or update your CocoaPods installation.\" >&2\n    exit 1\nfi\n# This output is used by Xcode 'outputs' to avoid re-running this script phase.\necho \"SUCCESS\" > \"${SCRIPT_OUTPUT_FILE_0}\"\n";
			showEnvVarsInLog = 0;
		};
		FE3347F97477548483EB9165 /* [CP] Check Pods Manifest.lock */ = {
			isa = PBXShellScriptBuildPhase;
			buildActionMask = 2147483647;
			files = (
			);
			inputFileListPaths = (
			);
			inputPaths = (
				"${PODS_PODFILE_DIR_PATH}/Podfile.lock",
				"${PODS_ROOT}/Manifest.lock",
			);
			name = "[CP] Check Pods Manifest.lock";
			outputFileListPaths = (
			);
			outputPaths = (
				"$(DERIVED_FILE_DIR)/Pods-crud-app-mvvmTests-checkManifestLockResult.txt",
			);
			runOnlyForDeploymentPostprocessing = 0;
			shellPath = /bin/sh;
			shellScript = "diff \"${PODS_PODFILE_DIR_PATH}/Podfile.lock\" \"${PODS_ROOT}/Manifest.lock\" > /dev/null\nif [ $? != 0 ] ; then\n    # print error to STDERR\n    echo \"error: The sandbox is not in sync with the Podfile.lock. Run 'pod install' or update your CocoaPods installation.\" >&2\n    exit 1\nfi\n# This output is used by Xcode 'outputs' to avoid re-running this script phase.\necho \"SUCCESS\" > \"${SCRIPT_OUTPUT_FILE_0}\"\n";
			showEnvVarsInLog = 0;
		};
/* End PBXShellScriptBuildPhase section */

/* Begin PBXSourcesBuildPhase section */
		9B3E616328F0464E0057D893 /* Sources */ = {
			isa = PBXSourcesBuildPhase;
			buildActionMask = 2147483647;
			files = (
				9B3E616F28F0464E0057D893 /* ViewController.swift in Sources */,
				9B3E619F28F046D50057D893 /* HomeView.swift in Sources */,
				9B3E616B28F0464E0057D893 /* AppDelegate.swift in Sources */,
				9B96946728F0743B006DC6C2 /* CustomAccountCell.swift in Sources */,
				9BD7283128F82F96004A47AB /* NetworkManager.swift in Sources */,
				9B3E61A028F046D50057D893 /* HomeViewModel.swift in Sources */,
				9B3E61A128F046D50057D893 /* Account.swift in Sources */,
				9B3E61A228F046D50057D893 /* HomeUI.swift in Sources */,
			);
			runOnlyForDeploymentPostprocessing = 0;
		};
		9B3E617928F046510057D893 /* Sources */ = {
			isa = PBXSourcesBuildPhase;
			buildActionMask = 2147483647;
			files = (
				9B3E618228F046510057D893 /* crud_app_mvvmTests.swift in Sources */,
			);
			runOnlyForDeploymentPostprocessing = 0;
		};
		9B3E618328F046510057D893 /* Sources */ = {
			isa = PBXSourcesBuildPhase;
			buildActionMask = 2147483647;
			files = (
				9B3E618E28F046510057D893 /* crud_app_mvvmUITestsLaunchTests.swift in Sources */,
				9B3E618C28F046510057D893 /* crud_app_mvvmUITests.swift in Sources */,
			);
			runOnlyForDeploymentPostprocessing = 0;
		};
/* End PBXSourcesBuildPhase section */

/* Begin PBXTargetDependency section */
		9B3E617F28F046510057D893 /* PBXTargetDependency */ = {
			isa = PBXTargetDependency;
			target = 9B3E616628F0464E0057D893 /* crud-app-mvvm */;
			targetProxy = 9B3E617E28F046510057D893 /* PBXContainerItemProxy */;
		};
		9B3E618928F046510057D893 /* PBXTargetDependency */ = {
			isa = PBXTargetDependency;
			target = 9B3E616628F0464E0057D893 /* crud-app-mvvm */;
			targetProxy = 9B3E618828F046510057D893 /* PBXContainerItemProxy */;
		};
/* End PBXTargetDependency section */

/* Begin PBXVariantGroup section */
		9B3E617028F0464F0057D893 /* Main.storyboard */ = {
			isa = PBXVariantGroup;
			children = (
				9B3E617128F0464F0057D893 /* Base */,
			);
			name = Main.storyboard;
			sourceTree = "<group>";
		};
		9B3E617528F046510057D893 /* LaunchScreen.storyboard */ = {
			isa = PBXVariantGroup;
			children = (
				9B3E617628F046510057D893 /* Base */,
			);
			name = LaunchScreen.storyboard;
			sourceTree = "<group>";
		};
/* End PBXVariantGroup section */

/* Begin XCBuildConfiguration section */
		9B3E618F28F046510057D893 /* Debug */ = {
			isa = XCBuildConfiguration;
			buildSettings = {
				ALWAYS_SEARCH_USER_PATHS = NO;
				CLANG_ANALYZER_NONNULL = YES;
				CLANG_ANALYZER_NUMBER_OBJECT_CONVERSION = YES_AGGRESSIVE;
				CLANG_CXX_LANGUAGE_STANDARD = "gnu++17";
				CLANG_ENABLE_MODULES = YES;
				CLANG_ENABLE_OBJC_ARC = YES;
				CLANG_ENABLE_OBJC_WEAK = YES;
				CLANG_WARN_BLOCK_CAPTURE_AUTORELEASING = YES;
				CLANG_WARN_BOOL_CONVERSION = YES;
				CLANG_WARN_COMMA = YES;
				CLANG_WARN_CONSTANT_CONVERSION = YES;
				CLANG_WARN_DEPRECATED_OBJC_IMPLEMENTATIONS = YES;
				CLANG_WARN_DIRECT_OBJC_ISA_USAGE = YES_ERROR;
				CLANG_WARN_DOCUMENTATION_COMMENTS = YES;
				CLANG_WARN_EMPTY_BODY = YES;
				CLANG_WARN_ENUM_CONVERSION = YES;
				CLANG_WARN_INFINITE_RECURSION = YES;
				CLANG_WARN_INT_CONVERSION = YES;
				CLANG_WARN_NON_LITERAL_NULL_CONVERSION = YES;
				CLANG_WARN_OBJC_IMPLICIT_RETAIN_SELF = YES;
				CLANG_WARN_OBJC_LITERAL_CONVERSION = YES;
				CLANG_WARN_OBJC_ROOT_CLASS = YES_ERROR;
				CLANG_WARN_QUOTED_INCLUDE_IN_FRAMEWORK_HEADER = YES;
				CLANG_WARN_RANGE_LOOP_ANALYSIS = YES;
				CLANG_WARN_STRICT_PROTOTYPES = YES;
				CLANG_WARN_SUSPICIOUS_MOVE = YES;
				CLANG_WARN_UNGUARDED_AVAILABILITY = YES_AGGRESSIVE;
				CLANG_WARN_UNREACHABLE_CODE = YES;
				CLANG_WARN__DUPLICATE_METHOD_MATCH = YES;
				COPY_PHASE_STRIP = NO;
				DEBUG_INFORMATION_FORMAT = dwarf;
				ENABLE_STRICT_OBJC_MSGSEND = YES;
				ENABLE_TESTABILITY = YES;
				GCC_C_LANGUAGE_STANDARD = gnu11;
				GCC_DYNAMIC_NO_PIC = NO;
				GCC_NO_COMMON_BLOCKS = YES;
				GCC_OPTIMIZATION_LEVEL = 0;
				GCC_PREPROCESSOR_DEFINITIONS = (
					"DEBUG=1",
					"$(inherited)",
				);
				GCC_WARN_64_TO_32_BIT_CONVERSION = YES;
				GCC_WARN_ABOUT_RETURN_TYPE = YES_ERROR;
				GCC_WARN_UNDECLARED_SELECTOR = YES;
				GCC_WARN_UNINITIALIZED_AUTOS = YES_AGGRESSIVE;
				GCC_WARN_UNUSED_FUNCTION = YES;
				GCC_WARN_UNUSED_VARIABLE = YES;
				IPHONEOS_DEPLOYMENT_TARGET = 15.5;
				MTL_ENABLE_DEBUG_INFO = INCLUDE_SOURCE;
				MTL_FAST_MATH = YES;
				ONLY_ACTIVE_ARCH = YES;
				SDKROOT = iphoneos;
				SWIFT_ACTIVE_COMPILATION_CONDITIONS = DEBUG;
				SWIFT_OPTIMIZATION_LEVEL = "-Onone";
			};
			name = Debug;
		};
		9B3E619028F046510057D893 /* Release */ = {
			isa = XCBuildConfiguration;
			buildSettings = {
				ALWAYS_SEARCH_USER_PATHS = NO;
				CLANG_ANALYZER_NONNULL = YES;
				CLANG_ANALYZER_NUMBER_OBJECT_CONVERSION = YES_AGGRESSIVE;
				CLANG_CXX_LANGUAGE_STANDARD = "gnu++17";
				CLANG_ENABLE_MODULES = YES;
				CLANG_ENABLE_OBJC_ARC = YES;
				CLANG_ENABLE_OBJC_WEAK = YES;
				CLANG_WARN_BLOCK_CAPTURE_AUTORELEASING = YES;
				CLANG_WARN_BOOL_CONVERSION = YES;
				CLANG_WARN_COMMA = YES;
				CLANG_WARN_CONSTANT_CONVERSION = YES;
				CLANG_WARN_DEPRECATED_OBJC_IMPLEMENTATIONS = YES;
				CLANG_WARN_DIRECT_OBJC_ISA_USAGE = YES_ERROR;
				CLANG_WARN_DOCUMENTATION_COMMENTS = YES;
				CLANG_WARN_EMPTY_BODY = YES;
				CLANG_WARN_ENUM_CONVERSION = YES;
				CLANG_WARN_INFINITE_RECURSION = YES;
				CLANG_WARN_INT_CONVERSION = YES;
				CLANG_WARN_NON_LITERAL_NULL_CONVERSION = YES;
				CLANG_WARN_OBJC_IMPLICIT_RETAIN_SELF = YES;
				CLANG_WARN_OBJC_LITERAL_CONVERSION = YES;
				CLANG_WARN_OBJC_ROOT_CLASS = YES_ERROR;
				CLANG_WARN_QUOTED_INCLUDE_IN_FRAMEWORK_HEADER = YES;
				CLANG_WARN_RANGE_LOOP_ANALYSIS = YES;
				CLANG_WARN_STRICT_PROTOTYPES = YES;
				CLANG_WARN_SUSPICIOUS_MOVE = YES;
				CLANG_WARN_UNGUARDED_AVAILABILITY = YES_AGGRESSIVE;
				CLANG_WARN_UNREACHABLE_CODE = YES;
				CLANG_WARN__DUPLICATE_METHOD_MATCH = YES;
				COPY_PHASE_STRIP = NO;
				DEBUG_INFORMATION_FORMAT = "dwarf-with-dsym";
				ENABLE_NS_ASSERTIONS = NO;
				ENABLE_STRICT_OBJC_MSGSEND = YES;
				GCC_C_LANGUAGE_STANDARD = gnu11;
				GCC_NO_COMMON_BLOCKS = YES;
				GCC_WARN_64_TO_32_BIT_CONVERSION = YES;
				GCC_WARN_ABOUT_RETURN_TYPE = YES_ERROR;
				GCC_WARN_UNDECLARED_SELECTOR = YES;
				GCC_WARN_UNINITIALIZED_AUTOS = YES_AGGRESSIVE;
				GCC_WARN_UNUSED_FUNCTION = YES;
				GCC_WARN_UNUSED_VARIABLE = YES;
				IPHONEOS_DEPLOYMENT_TARGET = 15.5;
				MTL_ENABLE_DEBUG_INFO = NO;
				MTL_FAST_MATH = YES;
				SDKROOT = iphoneos;
				SWIFT_COMPILATION_MODE = wholemodule;
				SWIFT_OPTIMIZATION_LEVEL = "-O";
				VALIDATE_PRODUCT = YES;
			};
			name = Release;
		};
		9B3E619228F046510057D893 /* Debug */ = {
			isa = XCBuildConfiguration;
			baseConfigurationReference = F6C6202AE200E2DF3D4ABE11 /* Pods-crud-app-mvvm.debug.xcconfig */;
			buildSettings = {
				ASSETCATALOG_COMPILER_APPICON_NAME = AppIcon;
				ASSETCATALOG_COMPILER_GLOBAL_ACCENT_COLOR_NAME = AccentColor;
				CODE_SIGN_STYLE = Automatic;
				CURRENT_PROJECT_VERSION = 1;
				DEVELOPMENT_TEAM = Y88WDVRUP6;
				GENERATE_INFOPLIST_FILE = YES;
				INFOPLIST_FILE = "crud-app-mvvm/Info.plist";
				INFOPLIST_KEY_UIApplicationSupportsIndirectInputEvents = YES;
				INFOPLIST_KEY_UILaunchStoryboardName = LaunchScreen;
				INFOPLIST_KEY_UIMainStoryboardFile = Main;
				INFOPLIST_KEY_UISupportedInterfaceOrientations_iPad = "UIInterfaceOrientationPortrait UIInterfaceOrientationPortraitUpsideDown UIInterfaceOrientationLandscapeLeft UIInterfaceOrientationLandscapeRight";
				INFOPLIST_KEY_UISupportedInterfaceOrientations_iPhone = "UIInterfaceOrientationPortrait UIInterfaceOrientationLandscapeLeft UIInterfaceOrientationLandscapeRight";
				LD_RUNPATH_SEARCH_PATHS = (
					"$(inherited)",
					"@executable_path/Frameworks",
				);
				MARKETING_VERSION = 1.0;
				PRODUCT_BUNDLE_IDENTIFIER = "eyc.crud-app-mvvm";
				PRODUCT_NAME = "$(TARGET_NAME)";
				SWIFT_EMIT_LOC_STRINGS = YES;
				SWIFT_VERSION = 5.0;
				TARGETED_DEVICE_FAMILY = "1,2";
			};
			name = Debug;
		};
		9B3E619328F046510057D893 /* Release */ = {
			isa = XCBuildConfiguration;
			baseConfigurationReference = 3D0722F59FC71F38545E9949 /* Pods-crud-app-mvvm.release.xcconfig */;
			buildSettings = {
				ASSETCATALOG_COMPILER_APPICON_NAME = AppIcon;
				ASSETCATALOG_COMPILER_GLOBAL_ACCENT_COLOR_NAME = AccentColor;
				CODE_SIGN_STYLE = Automatic;
				CURRENT_PROJECT_VERSION = 1;
				DEVELOPMENT_TEAM = Y88WDVRUP6;
				GENERATE_INFOPLIST_FILE = YES;
				INFOPLIST_FILE = "crud-app-mvvm/Info.plist";
				INFOPLIST_KEY_UIApplicationSupportsIndirectInputEvents = YES;
				INFOPLIST_KEY_UILaunchStoryboardName = LaunchScreen;
				INFOPLIST_KEY_UIMainStoryboardFile = Main;
				INFOPLIST_KEY_UISupportedInterfaceOrientations_iPad = "UIInterfaceOrientationPortrait UIInterfaceOrientationPortraitUpsideDown UIInterfaceOrientationLandscapeLeft UIInterfaceOrientationLandscapeRight";
				INFOPLIST_KEY_UISupportedInterfaceOrientations_iPhone = "UIInterfaceOrientationPortrait UIInterfaceOrientationLandscapeLeft UIInterfaceOrientationLandscapeRight";
				LD_RUNPATH_SEARCH_PATHS = (
					"$(inherited)",
					"@executable_path/Frameworks",
				);
				MARKETING_VERSION = 1.0;
				PRODUCT_BUNDLE_IDENTIFIER = "eyc.crud-app-mvvm";
				PRODUCT_NAME = "$(TARGET_NAME)";
				SWIFT_EMIT_LOC_STRINGS = YES;
				SWIFT_VERSION = 5.0;
				TARGETED_DEVICE_FAMILY = "1,2";
			};
			name = Release;
		};
		9B3E619528F046510057D893 /* Debug */ = {
			isa = XCBuildConfiguration;
			baseConfigurationReference = 915510D95954F63ACBC3B244 /* Pods-crud-app-mvvmTests.debug.xcconfig */;
			buildSettings = {
				ALWAYS_EMBED_SWIFT_STANDARD_LIBRARIES = YES;
				BUNDLE_LOADER = "$(TEST_HOST)";
				CODE_SIGN_STYLE = Automatic;
				CURRENT_PROJECT_VERSION = 1;
				DEVELOPMENT_TEAM = Y88WDVRUP6;
				GENERATE_INFOPLIST_FILE = YES;
				IPHONEOS_DEPLOYMENT_TARGET = 15.5;
				MARKETING_VERSION = 1.0;
				PRODUCT_BUNDLE_IDENTIFIER = "eyc.crud-app-mvvmTests";
				PRODUCT_NAME = "$(TARGET_NAME)";
				SWIFT_EMIT_LOC_STRINGS = NO;
				SWIFT_VERSION = 5.0;
				TARGETED_DEVICE_FAMILY = "1,2";
				TEST_HOST = "$(BUILT_PRODUCTS_DIR)/crud-app-mvvm.app/crud-app-mvvm";
			};
			name = Debug;
		};
		9B3E619628F046510057D893 /* Release */ = {
			isa = XCBuildConfiguration;
			baseConfigurationReference = C6229B9FDE1B5CE19B443CB7 /* Pods-crud-app-mvvmTests.release.xcconfig */;
			buildSettings = {
				ALWAYS_EMBED_SWIFT_STANDARD_LIBRARIES = YES;
				BUNDLE_LOADER = "$(TEST_HOST)";
				CODE_SIGN_STYLE = Automatic;
				CURRENT_PROJECT_VERSION = 1;
				DEVELOPMENT_TEAM = Y88WDVRUP6;
				GENERATE_INFOPLIST_FILE = YES;
				IPHONEOS_DEPLOYMENT_TARGET = 15.5;
				MARKETING_VERSION = 1.0;
				PRODUCT_BUNDLE_IDENTIFIER = "eyc.crud-app-mvvmTests";
				PRODUCT_NAME = "$(TARGET_NAME)";
				SWIFT_EMIT_LOC_STRINGS = NO;
				SWIFT_VERSION = 5.0;
				TARGETED_DEVICE_FAMILY = "1,2";
				TEST_HOST = "$(BUILT_PRODUCTS_DIR)/crud-app-mvvm.app/crud-app-mvvm";
			};
			name = Release;
		};
		9B3E619828F046510057D893 /* Debug */ = {
			isa = XCBuildConfiguration;
			baseConfigurationReference = FD36D962C0062EAD4956C5A4 /* Pods-crud-app-mvvm-crud-app-mvvmUITests.debug.xcconfig */;
			buildSettings = {
				ALWAYS_EMBED_SWIFT_STANDARD_LIBRARIES = YES;
				CODE_SIGN_STYLE = Automatic;
				CURRENT_PROJECT_VERSION = 1;
				DEVELOPMENT_TEAM = Y88WDVRUP6;
				GENERATE_INFOPLIST_FILE = YES;
				MARKETING_VERSION = 1.0;
				PRODUCT_BUNDLE_IDENTIFIER = "eyc.crud-app-mvvmUITests";
				PRODUCT_NAME = "$(TARGET_NAME)";
				SWIFT_EMIT_LOC_STRINGS = NO;
				SWIFT_VERSION = 5.0;
				TARGETED_DEVICE_FAMILY = "1,2";
				TEST_TARGET_NAME = "crud-app-mvvm";
			};
			name = Debug;
		};
		9B3E619928F046510057D893 /* Release */ = {
			isa = XCBuildConfiguration;
			baseConfigurationReference = 5491919E1AA9271621648C17 /* Pods-crud-app-mvvm-crud-app-mvvmUITests.release.xcconfig */;
			buildSettings = {
				ALWAYS_EMBED_SWIFT_STANDARD_LIBRARIES = YES;
				CODE_SIGN_STYLE = Automatic;
				CURRENT_PROJECT_VERSION = 1;
				DEVELOPMENT_TEAM = Y88WDVRUP6;
				GENERATE_INFOPLIST_FILE = YES;
				MARKETING_VERSION = 1.0;
				PRODUCT_BUNDLE_IDENTIFIER = "eyc.crud-app-mvvmUITests";
				PRODUCT_NAME = "$(TARGET_NAME)";
				SWIFT_EMIT_LOC_STRINGS = NO;
				SWIFT_VERSION = 5.0;
				TARGETED_DEVICE_FAMILY = "1,2";
				TEST_TARGET_NAME = "crud-app-mvvm";
			};
			name = Release;
		};
/* End XCBuildConfiguration section */

/* Begin XCConfigurationList section */
		9B3E616228F0464E0057D893 /* Build configuration list for PBXProject "crud-app-mvvm" */ = {
			isa = XCConfigurationList;
			buildConfigurations = (
				9B3E618F28F046510057D893 /* Debug */,
				9B3E619028F046510057D893 /* Release */,
			);
			defaultConfigurationIsVisible = 0;
			defaultConfigurationName = Release;
		};
		9B3E619128F046510057D893 /* Build configuration list for PBXNativeTarget "crud-app-mvvm" */ = {
			isa = XCConfigurationList;
			buildConfigurations = (
				9B3E619228F046510057D893 /* Debug */,
				9B3E619328F046510057D893 /* Release */,
			);
			defaultConfigurationIsVisible = 0;
			defaultConfigurationName = Release;
		};
		9B3E619428F046510057D893 /* Build configuration list for PBXNativeTarget "crud-app-mvvmTests" */ = {
			isa = XCConfigurationList;
			buildConfigurations = (
				9B3E619528F046510057D893 /* Debug */,
				9B3E619628F046510057D893 /* Release */,
			);
			defaultConfigurationIsVisible = 0;
			defaultConfigurationName = Release;
		};
		9B3E619728F046510057D893 /* Build configuration list for PBXNativeTarget "crud-app-mvvmUITests" */ = {
			isa = XCConfigurationList;
			buildConfigurations = (
				9B3E619828F046510057D893 /* Debug */,
				9B3E619928F046510057D893 /* Release */,
			);
			defaultConfigurationIsVisible = 0;
			defaultConfigurationName = Release;
		};
/* End XCConfigurationList section */
	};
	rootObject = 9B3E615F28F0464E0057D893 /* Project object */;
}
